
Microsoft Visual Studio Solution File, Format Version 12.00
# Visual Studio Version 17
VisualStudioVersion = 17.6.33829.357
MinimumVisualStudioVersion = 10.0.40219.1
Project("{9A19103F-16F7-4668-BE54-9A1E7A4F7556}") = "OrbitaKey.Data", "OrbitaKey.Data\OrbitaKey.Data.csproj", "{B937E2E9-C6F1-475D-A6A1-A7E05F2E0538}"
EndProject
Project("{9A19103F-16F7-4668-BE54-9A1E7A4F7556}") = "Orbita.Cash", "Orbita.Cash\Orbita.Cash.csproj", "{B19C159A-B28D-426F-B1DF-5BB5123C2879}"
EndProject
Global
	GlobalSection(SolutionConfigurationPlatforms) = preSolution
		Debug|Any CPU = Debug|Any CPU
		Release|Any CPU = Release|Any CPU
	EndGlobalSection
	GlobalSection(ProjectConfigurationPlatforms) = postSolution
		{B937E2E9-C6F1-475D-A6A1-A7E05F2E0538}.Debug|Any CPU.ActiveCfg = Debug|Any CPU
		{B937E2E9-C6F1-475D-A6A1-A7E05F2E0538}.Debug|Any CPU.Build.0 = Debug|Any CPU
		{B937E2E9-C6F1-475D-A6A1-A7E05F2E0538}.Release|Any CPU.ActiveCfg = Release|Any CPU
		{B937E2E9-C6F1-475D-A6A1-A7E05F2E0538}.Release|Any CPU.Build.0 = Release|Any CPU
		{B19C159A-B28D-426F-B1DF-5BB5123C2879}.Debug|Any CPU.ActiveCfg = Debug|Any CPU
		{B19C159A-B28D-426F-B1DF-5BB5123C2879}.Debug|Any CPU.Build.0 = Debug|Any CPU
		{B19C159A-B28D-426F-B1DF-5BB5123C2879}.Release|Any CPU.ActiveCfg = Release|Any CPU
		{B19C159A-B28D-426F-B1DF-5BB5123C2879}.Release|Any CPU.Build.0 = Release|Any CPU
	EndGlobalSection
	GlobalSection(SolutionProperties) = preSolution
		HideSolutionNode = FALSE
	EndGlobalSection
	GlobalSection(ExtensibilityGlobals) = postSolution
		SolutionGuid = {FDD4D093-5B0E-44B6-A7AD-139C2F933BF5}
	EndGlobalSection
EndGlobal
